
Microsoft Visual Studio Solution File, Format Version 12.00
Project("{2150E333-8FDC-42A3-9474-1A3956D46DE8}") = "github", "github", "{334FC470-5D19-4FD8-8973-20FC33D8C00B}"
EndProject
Project("{2150E333-8FDC-42A3-9474-1A3956D46DE8}") = "workflows", "workflows", "{2F4A52AA-1734-4DD9-BB1D-EDB79384C021}"
	ProjectSection(SolutionItems) = preProject
		.github\workflows\build-and-publish.yml = .github\workflows\build-and-publish.yml
		.github\workflows\ci-build.yml = .github\workflows\ci-build.yml
	EndProjectSection
EndProject
Project("{FAE04EC0-301F-11D3-BF4B-00C04F79EFBC}") = "Xerris.DotNet.Test.Essentials", "src\Xerris.DotNet.Test.Essentials\Xerris.DotNet.Test.Essentials.csproj", "{AFED2D15-D1BB-438C-93A4-5292783DCA29}"
EndProject
Project("{FAE04EC0-301F-11D3-BF4B-00C04F79EFBC}") = "Xerris.DotNet.Test.Essentials.Tests", "src\Xerris.DotNet.Test.Essentials.Tests\Xerris.DotNet.Test.Essentials.Tests.csproj", "{20851C27-44B7-4580-A7FB-915E2AC40D8E}"
EndProject
Global
	GlobalSection(SolutionConfigurationPlatforms) = preSolution
		Debug|Any CPU = Debug|Any CPU
		Release|Any CPU = Release|Any CPU
	EndGlobalSection
	GlobalSection(ProjectConfigurationPlatforms) = postSolution
		{AFED2D15-D1BB-438C-93A4-5292783DCA29}.Debug|Any CPU.ActiveCfg = Debug|Any CPU
		{AFED2D15-D1BB-438C-93A4-5292783DCA29}.Debug|Any CPU.Build.0 = Debug|Any CPU
		{AFED2D15-D1BB-438C-93A4-5292783DCA29}.Release|Any CPU.ActiveCfg = Release|Any CPU
		{AFED2D15-D1BB-438C-93A4-5292783DCA29}.Release|Any CPU.Build.0 = Release|Any CPU
		{20851C27-44B7-4580-A7FB-915E2AC40D8E}.Debug|Any CPU.ActiveCfg = Debug|Any CPU
		{20851C27-44B7-4580-A7FB-915E2AC40D8E}.Debug|Any CPU.Build.0 = Debug|Any CPU
		{20851C27-44B7-4580-A7FB-915E2AC40D8E}.Release|Any CPU.ActiveCfg = Release|Any CPU
		{20851C27-44B7-4580-A7FB-915E2AC40D8E}.Release|Any CPU.Build.0 = Release|Any CPU
	EndGlobalSection
	GlobalSection(NestedProjects) = preSolution
		{2F4A52AA-1734-4DD9-BB1D-EDB79384C021} = {334FC470-5D19-4FD8-8973-20FC33D8C00B}
	EndGlobalSection
EndGlobal
