
Microsoft Visual Studio Solution File, Format Version 12.00
Project("{FAE04EC0-301F-11D3-BF4B-00C04F79EFBC}") = "Xerris.DotNet.TestAutomation", "src\Xerris.DotNet.TestAutomation\Xerris.DotNet.TestAutomation.csproj", "{87B36CE2-072A-483B-8556-BCDA087F5FAB}"
EndProject
Project("{FAE04EC0-301F-11D3-BF4B-00C04F79EFBC}") = "Xerris.DotNet.TestAutomation.Test", "src\Xerris.DotNet.TestAutomation.Test\Xerris.DotNet.TestAutomation.Test.csproj", "{A7405698-36C5-47D1-905F-CD505B781808}"
EndProject
Project("{2150E333-8FDC-42A3-9474-1A3956D46DE8}") = "github", "github", "{334FC470-5D19-4FD8-8973-20FC33D8C00B}"
EndProject
Project("{2150E333-8FDC-42A3-9474-1A3956D46DE8}") = "workflows", "workflows", "{2F4A52AA-1734-4DD9-BB1D-EDB79384C021}"
	ProjectSection(SolutionItems) = preProject
		.github\workflows\build-and-publish.yml = .github\workflows\build-and-publish.yml
		.github\workflows\ci-build.yml = .github\workflows\ci-build.yml
	EndProjectSection
EndProject
Global
	GlobalSection(SolutionConfigurationPlatforms) = preSolution
		Debug|Any CPU = Debug|Any CPU
		Release|Any CPU = Release|Any CPU
	EndGlobalSection
	GlobalSection(ProjectConfigurationPlatforms) = postSolution
		{87B36CE2-072A-483B-8556-BCDA087F5FAB}.Debug|Any CPU.ActiveCfg = Debug|Any CPU
		{87B36CE2-072A-483B-8556-BCDA087F5FAB}.Debug|Any CPU.Build.0 = Debug|Any CPU
		{87B36CE2-072A-483B-8556-BCDA087F5FAB}.Release|Any CPU.ActiveCfg = Release|Any CPU
		{87B36CE2-072A-483B-8556-BCDA087F5FAB}.Release|Any CPU.Build.0 = Release|Any CPU
		{A7405698-36C5-47D1-905F-CD505B781808}.Debug|Any CPU.ActiveCfg = Debug|Any CPU
		{A7405698-36C5-47D1-905F-CD505B781808}.Debug|Any CPU.Build.0 = Debug|Any CPU
		{A7405698-36C5-47D1-905F-CD505B781808}.Release|Any CPU.ActiveCfg = Release|Any CPU
		{A7405698-36C5-47D1-905F-CD505B781808}.Release|Any CPU.Build.0 = Release|Any CPU
	EndGlobalSection
	GlobalSection(NestedProjects) = preSolution
		{2F4A52AA-1734-4DD9-BB1D-EDB79384C021} = {334FC470-5D19-4FD8-8973-20FC33D8C00B}
	EndGlobalSection
EndGlobal
